{
  "name": "playing-with-parser",
  "version": "1.0.0",
  "lockfileVersion": 3,
  "requires": true,
  "packages": {
    "": {
      "name": "playing-with-parser",
      "version": "1.0.0",
      "license": "ISC",
      "dependencies": {
        "asciitree": "^1.0.2",
        "astring": "^1.8.6",
        "esprima": "^4.0.1"
      }
    },
    "node_modules/asciitree": {
      "version": "1.0.2",
      "resolved": "https://registry.npmjs.org/asciitree/-/asciitree-1.0.2.tgz",
      "integrity": "sha512-9IG49KuqMwR6ahfSya1IZPagGReDoz1lVDVhvjc9aWiGPDiw0vKxs2KBfJ8xkj0FGYA+k0HceOcH2WV8MJgXgQ=="
    },
    "node_modules/astring": {
      "version": "1.8.6",
      "resolved": "https://registry.npmjs.org/astring/-/astring-1.8.6.tgz",
      "integrity": "sha512-ISvCdHdlTDlH5IpxQJIex7BWBywFWgjJSVdwst+/iQCoEYnyOaQ95+X1JGshuBjGp6nxKUy1jMgE3zPqN7fQdg==",
      "bin": {
        "astring": "bin/astring"
      }
    },
    "node_modules/esprima": {
      "version": "4.0.1",
      "resolved": "https://registry.npmjs.org/esprima/-/esprima-4.0.1.tgz",
      "integrity": "sha512-eGuFFw7Upda+g4p+QHvnW0RyTX/SVeJBDM/gCtMARO0cLuT2HcEKnTPvhjV6aGeqrCB/sbNop0Kszm0jsaWU4A==",
      "bin": {
        "esparse": "bin/esparse.js",
        "esvalidate": "bin/esvalidate.js"
      },
      "engines": {
        "node": ">=4"
      }
    }
  }
}
